
Microsoft Visual Studio Solution File, Format Version 12.00
# Visual Studio Version 17
VisualStudioVersion = 17.12.35707.178
MinimumVisualStudioVersion = 10.0.40219.1
Project("{9A19103F-16F7-4668-BE54-9A1E7A4F7556}") = "Tiamat.WebApp", "Tiamat.WebApp\Tiamat.WebApp.csproj", "{531372C6-CB3A-435F-B519-54D245516E59}"
EndProject
Project("{9A19103F-16F7-4668-BE54-9A1E7A4F7556}") = "Tiamat.DataAccess", "Tiamat.DataAccess\Tiamat.DataAccess.csproj", "{4650BB74-1254-4F44-9622-D317BAE9DFF0}"
EndProject
Project("{9A19103F-16F7-4668-BE54-9A1E7A4F7556}") = "Tiamat.Models", "Tiamat.Models\Tiamat.Models.csproj", "{D9B50FD0-D2E5-42F3-B9F5-F664DAEB1F78}"
EndProject
Project("{9A19103F-16F7-4668-BE54-9A1E7A4F7556}") = "Tiamat.Utility", "Tiamat.Utility\Tiamat.Utility.csproj", "{66418B3C-0AAD-476C-BD6E-046E57388FED}"
EndProject
Project("{FAE04EC0-301F-11D3-BF4B-00C04F79EFBC}") = "Tiamat.Core", "Tiamat.Core\Tiamat.Core.csproj", "{D0B2057B-D669-44C6-8172-8B031BC2EBE2}"
EndProject
Project("{FAE04EC0-301F-11D3-BF4B-00C04F79EFBC}") = "Tiamat.Tests", "Tiamat.Tests\Tiamat.Tests.csproj", "{706F7419-5EAE-4F21-BB53-4C33362561EE}"
EndProject
Global
	GlobalSection(SolutionConfigurationPlatforms) = preSolution
		Debug|Any CPU = Debug|Any CPU
		Debug|x64 = Debug|x64
		Debug|x86 = Debug|x86
		Release|Any CPU = Release|Any CPU
		Release|x64 = Release|x64
		Release|x86 = Release|x86
	EndGlobalSection
	GlobalSection(ProjectConfigurationPlatforms) = postSolution
		{531372C6-CB3A-435F-B519-54D245516E59}.Debug|Any CPU.ActiveCfg = Debug|Any CPU
		{531372C6-CB3A-435F-B519-54D245516E59}.Debug|Any CPU.Build.0 = Debug|Any CPU
		{531372C6-CB3A-435F-B519-54D245516E59}.Debug|x64.ActiveCfg = Debug|Any CPU
		{531372C6-CB3A-435F-B519-54D245516E59}.Debug|x64.Build.0 = Debug|Any CPU
		{531372C6-CB3A-435F-B519-54D245516E59}.Debug|x86.ActiveCfg = Debug|Any CPU
		{531372C6-CB3A-435F-B519-54D245516E59}.Debug|x86.Build.0 = Debug|Any CPU
		{531372C6-CB3A-435F-B519-54D245516E59}.Release|Any CPU.ActiveCfg = Release|Any CPU
		{531372C6-CB3A-435F-B519-54D245516E59}.Release|Any CPU.Build.0 = Release|Any CPU
		{531372C6-CB3A-435F-B519-54D245516E59}.Release|x64.ActiveCfg = Release|Any CPU
		{531372C6-CB3A-435F-B519-54D245516E59}.Release|x64.Build.0 = Release|Any CPU
		{531372C6-CB3A-435F-B519-54D245516E59}.Release|x86.ActiveCfg = Release|Any CPU
		{531372C6-CB3A-435F-B519-54D245516E59}.Release|x86.Build.0 = Release|Any CPU
		{4650BB74-1254-4F44-9622-D317BAE9DFF0}.Debug|Any CPU.ActiveCfg = Debug|Any CPU
		{4650BB74-1254-4F44-9622-D317BAE9DFF0}.Debug|Any CPU.Build.0 = Debug|Any CPU
		{4650BB74-1254-4F44-9622-D317BAE9DFF0}.Debug|x64.ActiveCfg = Debug|Any CPU
		{4650BB74-1254-4F44-9622-D317BAE9DFF0}.Debug|x64.Build.0 = Debug|Any CPU
		{4650BB74-1254-4F44-9622-D317BAE9DFF0}.Debug|x86.ActiveCfg = Debug|Any CPU
		{4650BB74-1254-4F44-9622-D317BAE9DFF0}.Debug|x86.Build.0 = Debug|Any CPU
		{4650BB74-1254-4F44-9622-D317BAE9DFF0}.Release|Any CPU.ActiveCfg = Release|Any CPU
		{4650BB74-1254-4F44-9622-D317BAE9DFF0}.Release|Any CPU.Build.0 = Release|Any CPU
		{4650BB74-1254-4F44-9622-D317BAE9DFF0}.Release|x64.ActiveCfg = Release|Any CPU
		{4650BB74-1254-4F44-9622-D317BAE9DFF0}.Release|x64.Build.0 = Release|Any CPU
		{4650BB74-1254-4F44-9622-D317BAE9DFF0}.Release|x86.ActiveCfg = Release|Any CPU
		{4650BB74-1254-4F44-9622-D317BAE9DFF0}.Release|x86.Build.0 = Release|Any CPU
		{D9B50FD0-D2E5-42F3-B9F5-F664DAEB1F78}.Debug|Any CPU.ActiveCfg = Debug|Any CPU
		{D9B50FD0-D2E5-42F3-B9F5-F664DAEB1F78}.Debug|Any CPU.Build.0 = Debug|Any CPU
		{D9B50FD0-D2E5-42F3-B9F5-F664DAEB1F78}.Debug|x64.ActiveCfg = Debug|Any CPU
		{D9B50FD0-D2E5-42F3-B9F5-F664DAEB1F78}.Debug|x64.Build.0 = Debug|Any CPU
		{D9B50FD0-D2E5-42F3-B9F5-F664DAEB1F78}.Debug|x86.ActiveCfg = Debug|Any CPU
		{D9B50FD0-D2E5-42F3-B9F5-F664DAEB1F78}.Debug|x86.Build.0 = Debug|Any CPU
		{D9B50FD0-D2E5-42F3-B9F5-F664DAEB1F78}.Release|Any CPU.ActiveCfg = Release|Any CPU
		{D9B50FD0-D2E5-42F3-B9F5-F664DAEB1F78}.Release|Any CPU.Build.0 = Release|Any CPU
		{D9B50FD0-D2E5-42F3-B9F5-F664DAEB1F78}.Release|x64.ActiveCfg = Release|Any CPU
		{D9B50FD0-D2E5-42F3-B9F5-F664DAEB1F78}.Release|x64.Build.0 = Release|Any CPU
		{D9B50FD0-D2E5-42F3-B9F5-F664DAEB1F78}.Release|x86.ActiveCfg = Release|Any CPU
		{D9B50FD0-D2E5-42F3-B9F5-F664DAEB1F78}.Release|x86.Build.0 = Release|Any CPU
		{66418B3C-0AAD-476C-BD6E-046E57388FED}.Debug|Any CPU.ActiveCfg = Debug|Any CPU
		{66418B3C-0AAD-476C-BD6E-046E57388FED}.Debug|Any CPU.Build.0 = Debug|Any CPU
		{66418B3C-0AAD-476C-BD6E-046E57388FED}.Debug|x64.ActiveCfg = Debug|Any CPU
		{66418B3C-0AAD-476C-BD6E-046E57388FED}.Debug|x64.Build.0 = Debug|Any CPU
		{66418B3C-0AAD-476C-BD6E-046E57388FED}.Debug|x86.ActiveCfg = Debug|Any CPU
		{66418B3C-0AAD-476C-BD6E-046E57388FED}.Debug|x86.Build.0 = Debug|Any CPU
		{66418B3C-0AAD-476C-BD6E-046E57388FED}.Release|Any CPU.ActiveCfg = Release|Any CPU
		{66418B3C-0AAD-476C-BD6E-046E57388FED}.Release|Any CPU.Build.0 = Release|Any CPU
		{66418B3C-0AAD-476C-BD6E-046E57388FED}.Release|x64.ActiveCfg = Release|Any CPU
		{66418B3C-0AAD-476C-BD6E-046E57388FED}.Release|x64.Build.0 = Release|Any CPU
		{66418B3C-0AAD-476C-BD6E-046E57388FED}.Release|x86.ActiveCfg = Release|Any CPU
		{66418B3C-0AAD-476C-BD6E-046E57388FED}.Release|x86.Build.0 = Release|Any CPU
		{D0B2057B-D669-44C6-8172-8B031BC2EBE2}.Debug|Any CPU.ActiveCfg = Debug|Any CPU
		{D0B2057B-D669-44C6-8172-8B031BC2EBE2}.Debug|Any CPU.Build.0 = Debug|Any CPU
		{D0B2057B-D669-44C6-8172-8B031BC2EBE2}.Debug|x64.ActiveCfg = Debug|Any CPU
		{D0B2057B-D669-44C6-8172-8B031BC2EBE2}.Debug|x64.Build.0 = Debug|Any CPU
		{D0B2057B-D669-44C6-8172-8B031BC2EBE2}.Debug|x86.ActiveCfg = Debug|Any CPU
		{D0B2057B-D669-44C6-8172-8B031BC2EBE2}.Debug|x86.Build.0 = Debug|Any CPU
		{D0B2057B-D669-44C6-8172-8B031BC2EBE2}.Release|Any CPU.ActiveCfg = Release|Any CPU
		{D0B2057B-D669-44C6-8172-8B031BC2EBE2}.Release|Any CPU.Build.0 = Release|Any CPU
		{D0B2057B-D669-44C6-8172-8B031BC2EBE2}.Release|x64.ActiveCfg = Release|Any CPU
		{D0B2057B-D669-44C6-8172-8B031BC2EBE2}.Release|x64.Build.0 = Release|Any CPU
		{D0B2057B-D669-44C6-8172-8B031BC2EBE2}.Release|x86.ActiveCfg = Release|Any CPU
		{D0B2057B-D669-44C6-8172-8B031BC2EBE2}.Release|x86.Build.0 = Release|Any CPU
		{706F7419-5EAE-4F21-BB53-4C33362561EE}.Debug|Any CPU.ActiveCfg = Debug|Any CPU
		{706F7419-5EAE-4F21-BB53-4C33362561EE}.Debug|Any CPU.Build.0 = Debug|Any CPU
		{706F7419-5EAE-4F21-BB53-4C33362561EE}.Debug|x64.ActiveCfg = Debug|Any CPU
		{706F7419-5EAE-4F21-BB53-4C33362561EE}.Debug|x64.Build.0 = Debug|Any CPU
		{706F7419-5EAE-4F21-BB53-4C33362561EE}.Debug|x86.ActiveCfg = Debug|Any CPU
		{706F7419-5EAE-4F21-BB53-4C33362561EE}.Debug|x86.Build.0 = Debug|Any CPU
		{706F7419-5EAE-4F21-BB53-4C33362561EE}.Release|Any CPU.ActiveCfg = Release|Any CPU
		{706F7419-5EAE-4F21-BB53-4C33362561EE}.Release|Any CPU.Build.0 = Release|Any CPU
		{706F7419-5EAE-4F21-BB53-4C33362561EE}.Release|x64.ActiveCfg = Release|Any CPU
		{706F7419-5EAE-4F21-BB53-4C33362561EE}.Release|x64.Build.0 = Release|Any CPU
		{706F7419-5EAE-4F21-BB53-4C33362561EE}.Release|x86.ActiveCfg = Release|Any CPU
		{706F7419-5EAE-4F21-BB53-4C33362561EE}.Release|x86.Build.0 = Release|Any CPU
	EndGlobalSection
	GlobalSection(SolutionProperties) = preSolution
		HideSolutionNode = FALSE
	EndGlobalSection
	GlobalSection(ExtensibilityGlobals) = postSolution
		SolutionGuid = {576311B1-466D-4543-8E9B-95E0D3544C91}
	EndGlobalSection
EndGlobal
